// !$*UTF8*$!
{
	archiveVersion = 1;
	classes = {
	};
	objectVersion = 50;
	objects = {

/* Begin PBXBuildFile section */
		B4D5EC7F2445117900A31E56 /* AppDelegate.swift in Sources */ = {isa = PBXBuildFile; fileRef = B4D5EC7E2445117900A31E56 /* AppDelegate.swift */; };
		B4D5EC812445117900A31E56 /* SceneDelegate.swift in Sources */ = {isa = PBXBuildFile; fileRef = B4D5EC802445117900A31E56 /* SceneDelegate.swift */; };
		B4D5EC832445117900A31E56 /* MainViewController.swift in Sources */ = {isa = PBXBuildFile; fileRef = B4D5EC822445117900A31E56 /* MainViewController.swift */; };
		B4D5EC862445117900A31E56 /* Main.storyboard in Resources */ = {isa = PBXBuildFile; fileRef = B4D5EC842445117900A31E56 /* Main.storyboard */; };
		B4D5EC882445117D00A31E56 /* Assets.xcassets in Resources */ = {isa = PBXBuildFile; fileRef = B4D5EC872445117D00A31E56 /* Assets.xcassets */; };
		B4D5EC8B2445117D00A31E56 /* LaunchScreen.storyboard in Resources */ = {isa = PBXBuildFile; fileRef = B4D5EC892445117D00A31E56 /* LaunchScreen.storyboard */; };
/* End PBXBuildFile section */

/* Begin PBXFileReference section */
		B4D5EC7B2445117900A31E56 /* LifeJourney-iOS-App.app */ = {isa = PBXFileReference; explicitFileType = wrapper.application; includeInIndex = 0; path = "LifeJourney-iOS-App.app"; sourceTree = BUILT_PRODUCTS_DIR; };
		B4D5EC7E2445117900A31E56 /* AppDelegate.swift */ = {isa = PBXFileReference; lastKnownFileType = sourcecode.swift; path = AppDelegate.swift; sourceTree = "<group>"; };
		B4D5EC802445117900A31E56 /* SceneDelegate.swift */ = {isa = PBXFileReference; lastKnownFileType = sourcecode.swift; path = SceneDelegate.swift; sourceTree = "<group>"; };
		B4D5EC822445117900A31E56 /* MainViewController.swift */ = {isa = PBXFileReference; lastKnownFileType = sourcecode.swift; path = MainViewController.swift; sourceTree = "<group>"; };
		B4D5EC852445117900A31E56 /* Base */ = {isa = PBXFileReference; lastKnownFileType = file.storyboard; name = Base; path = Base.lproj/Main.storyboard; sourceTree = "<group>"; };
		B4D5EC872445117D00A31E56 /* Assets.xcassets */ = {isa = PBXFileReference; lastKnownFileType = folder.assetcatalog; path = Assets.xcassets; sourceTree = "<group>"; };
		B4D5EC8A2445117D00A31E56 /* Base */ = {isa = PBXFileReference; lastKnownFileType = file.storyboard; name = Base; path = Base.lproj/LaunchScreen.storyboard; sourceTree = "<group>"; };
		B4D5EC8C2445117D00A31E56 /* Info.plist */ = {isa = PBXFileReference; lastKnownFileType = text.plist.xml; path = Info.plist; sourceTree = "<group>"; };
/* End PBXFileReference section */

/* Begin PBXFrameworksBuildPhase section */
		B4D5EC782445117900A31E56 /* Frameworks */ = {
			isa = PBXFrameworksBuildPhase;
			buildActionMask = 2147483647;
			files = (
			);
			runOnlyForDeploymentPostprocessing = 0;
		};
/* End PBXFrameworksBuildPhase section */

/* Begin PBXGroup section */
		B4D5EC722445117900A31E56 = {
			isa = PBXGroup;
			children = (
				B4D5EC7D2445117900A31E56 /* LifeJourney-iOS-App */,
				B4D5EC7C2445117900A31E56 /* Products */,
			);
			sourceTree = "<group>";
		};
		B4D5EC7C2445117900A31E56 /* Products */ = {
			isa = PBXGroup;
			children = (
				B4D5EC7B2445117900A31E56 /* LifeJourney-iOS-App.app */,
			);
			name = Products;
			sourceTree = "<group>";
		};
		B4D5EC7D2445117900A31E56 /* LifeJourney-iOS-App */ = {
			isa = PBXGroup;
			children = (
				B4D5EC7E2445117900A31E56 /* AppDelegate.swift */,
				B4D5EC802445117900A31E56 /* SceneDelegate.swift */,
				B4D5EC822445117900A31E56 /* MainViewController.swift */,
				B4D5EC842445117900A31E56 /* Main.storyboard */,
				B4D5EC872445117D00A31E56 /* Assets.xcassets */,
				B4D5EC892445117D00A31E56 /* LaunchScreen.storyboard */,
				B4D5EC8C2445117D00A31E56 /* Info.plist */,
			);
			path = "LifeJourney-iOS-App";
			sourceTree = "<group>";
		};
/* End PBXGroup section */

/* Begin PBXNativeTarget section */
		B4D5EC7A2445117900A31E56 /* LifeJourney-iOS-App */ = {
			isa = PBXNativeTarget;
			buildConfigurationList = B4D5EC8F2445117D00A31E56 /* Build configuration list for PBXNativeTarget "LifeJourney-iOS-App" */;
			buildPhases = (
				B4D5EC772445117900A31E56 /* Sources */,
				B4D5EC782445117900A31E56 /* Frameworks */,
				B4D5EC792445117900A31E56 /* Resources */,
			);
			buildRules = (
			);
			dependencies = (
			);
			name = "LifeJourney-iOS-App";
			productName = "LifeJourney-iOS-App";
			productReference = B4D5EC7B2445117900A31E56 /* LifeJourney-iOS-App.app */;
			productType = "com.apple.product-type.application";
		};
/* End PBXNativeTarget section */

/* Begin PBXProject section */
		B4D5EC732445117900A31E56 /* Project object */ = {
			isa = PBXProject;
			attributes = {
				LastSwiftUpdateCheck = 1120;
				LastUpgradeCheck = 1120;
				ORGANIZATIONNAME = "I Dev TV";
				TargetAttributes = {
					B4D5EC7A2445117900A31E56 = {
						CreatedOnToolsVersion = 11.2;
					};
				};
			};
			buildConfigurationList = B4D5EC762445117900A31E56 /* Build configuration list for PBXProject "LifeJourney-iOS-App" */;
			compatibilityVersion = "Xcode 9.3";
			developmentRegion = en;
			hasScannedForEncodings = 0;
			knownRegions = (
				en,
				Base,
			);
			mainGroup = B4D5EC722445117900A31E56;
			productRefGroup = B4D5EC7C2445117900A31E56 /* Products */;
			projectDirPath = "";
			projectRoot = "";
			targets = (
				B4D5EC7A2445117900A31E56 /* LifeJourney-iOS-App */,
			);
		};
/* End PBXProject section */

/* Begin PBXResourcesBuildPhase section */
		B4D5EC792445117900A31E56 /* Resources */ = {
			isa = PBXResourcesBuildPhase;
			buildActionMask = 2147483647;
			files = (
				B4D5EC8B2445117D00A31E56 /* LaunchScreen.storyboard in Resources */,
				B4D5EC882445117D00A31E56 /* Assets.xcassets in Resources */,
				B4D5EC862445117900A31E56 /* Main.storyboard in Resources */,
			);
			runOnlyForDeploymentPostprocessing = 0;
		};
/* End PBXResourcesBuildPhase section */

/* Begin PBXSourcesBuildPhase section */
		B4D5EC772445117900A31E56 /* Sources */ = {
			isa = PBXSourcesBuildPhase;
			buildActionMask = 2147483647;
			files = (
				B4D5EC832445117900A31E56 /* MainViewController.swift in Sources */,
				B4D5EC7F2445117900A31E56 /* AppDelegate.swift in Sources */,
				B4D5EC812445117900A31E56 /* SceneDelegate.swift in Sources */,
			);
			runOnlyForDeploymentPostprocessing = 0;
		};
/* End PBXSourcesBuildPhase section */

/* Begin PBXVariantGroup section */
		B4D5EC842445117900A31E56 /* Main.storyboard */ = {
			isa = PBXVariantGroup;
			children = (
				B4D5EC852445117900A31E56 /* Base */,
			);
			name = Main.storyboard;
			sourceTree = "<group>";
		};
		B4D5EC892445117D00A31E56 /* LaunchScreen.storyboard */ = {
			isa = PBXVariantGroup;
			children = (
				B4D5EC8A2445117D00A31E56 /* Base */,
			);
			name = LaunchScreen.storyboard;
			sourceTree = "<group>";
		};
/* End PBXVariantGroup section */

/* Begin XCBuildConfiguration section */
		B4D5EC8D2445117D00A31E56 /* Debug */ = {
			isa = XCBuildConfiguration;
			buildSettings = {
				ALWAYS_SEARCH_USER_PATHS = NO;
				CLANG_ANALYZER_NONNULL = YES;
				CLANG_ANALYZER_NUMBER_OBJECT_CONVERSION = YES_AGGRESSIVE;
				CLANG_CXX_LANGUAGE_STANDARD = "gnu++14";
				CLANG_CXX_LIBRARY = "libc++";
				CLANG_ENABLE_MODULES = YES;
				CLANG_ENABLE_OBJC_ARC = YES;
				CLANG_ENABLE_OBJC_WEAK = YES;
				CLANG_WARN_BLOCK_CAPTURE_AUTORELEASING = YES;
				CLANG_WARN_BOOL_CONVERSION = YES;
				CLANG_WARN_COMMA = YES;
				CLANG_WARN_CONSTANT_CONVERSION = YES;
				CLANG_WARN_DEPRECATED_OBJC_IMPLEMENTATIONS = YES;
				CLANG_WARN_DIRECT_OBJC_ISA_USAGE = YES_ERROR;
				CLANG_WARN_DOCUMENTATION_COMMENTS = YES;
				CLANG_WARN_EMPTY_BODY = YES;
				CLANG_WARN_ENUM_CONVERSION = YES;
				CLANG_WARN_INFINITE_RECURSION = YES;
				CLANG_WARN_INT_CONVERSION = YES;
				CLANG_WARN_NON_LITERAL_NULL_CONVERSION = YES;
				CLANG_WARN_OBJC_IMPLICIT_RETAIN_SELF = YES;
				CLANG_WARN_OBJC_LITERAL_CONVERSION = YES;
				CLANG_WARN_OBJC_ROOT_CLASS = YES_ERROR;
				CLANG_WARN_RANGE_LOOP_ANALYSIS = YES;
				CLANG_WARN_STRICT_PROTOTYPES = YES;
				CLANG_WARN_SUSPICIOUS_MOVE = YES;
				CLANG_WARN_UNGUARDED_AVAILABILITY = YES_AGGRESSIVE;
				CLANG_WARN_UNREACHABLE_CODE = YES;
				CLANG_WARN__DUPLICATE_METHOD_MATCH = YES;
				COPY_PHASE_STRIP = NO;
				DEBUG_INFORMATION_FORMAT = dwarf;
				ENABLE_STRICT_OBJC_MSGSEND = YES;
				ENABLE_TESTABILITY = YES;
				GCC_C_LANGUAGE_STANDARD = gnu11;
				GCC_DYNAMIC_NO_PIC = NO;
				GCC_NO_COMMON_BLOCKS = YES;
				GCC_OPTIMIZATION_LEVEL = 0;
				GCC_PREPROCESSOR_DEFINITIONS = (
					"DEBUG=1",
					"$(inherited)",
				);
				GCC_WARN_64_TO_32_BIT_CONVERSION = YES;
				GCC_WARN_ABOUT_RETURN_TYPE = YES_ERROR;
				GCC_WARN_UNDECLARED_SELECTOR = YES;
				GCC_WARN_UNINITIALIZED_AUTOS = YES_AGGRESSIVE;
				GCC_WARN_UNUSED_FUNCTION = YES;
				GCC_WARN_UNUSED_VARIABLE = YES;
				IPHONEOS_DEPLOYMENT_TARGET = 13.2;
				MTL_ENABLE_DEBUG_INFO = INCLUDE_SOURCE;
				MTL_FAST_MATH = YES;
				ONLY_ACTIVE_ARCH = YES;
				SDKROOT = iphoneos;
				SWIFT_ACTIVE_COMPILATION_CONDITIONS = DEBUG;
				SWIFT_OPTIMIZATION_LEVEL = "-Onone";
			};
			name = Debug;
		};
		B4D5EC8E2445117D00A31E56 /* Release */ = {
			isa = XCBuildConfiguration;
			buildSettings = {
				ALWAYS_SEARCH_USER_PATHS = NO;
				CLANG_ANALYZER_NONNULL = YES;
				CLANG_ANALYZER_NUMBER_OBJECT_CONVERSION = YES_AGGRESSIVE;
				CLANG_CXX_LANGUAGE_STANDARD = "gnu++14";
				CLANG_CXX_LIBRARY = "libc++";
				CLANG_ENABLE_MODULES = YES;
				CLANG_ENABLE_OBJC_ARC = YES;
				CLANG_ENABLE_OBJC_WEAK = YES;
				CLANG_WARN_BLOCK_CAPTURE_AUTORELEASING = YES;
				CLANG_WARN_BOOL_CONVERSION = YES;
				CLANG_WARN_COMMA = YES;
				CLANG_WARN_CONSTANT_CONVERSION = YES;
				CLANG_WARN_DEPRECATED_OBJC_IMPLEMENTATIONS = YES;
				CLANG_WARN_DIRECT_OBJC_ISA_USAGE = YES_ERROR;
				CLANG_WARN_DOCUMENTATION_COMMENTS = YES;
				CLANG_WARN_EMPTY_BODY = YES;
				CLANG_WARN_ENUM_CONVERSION = YES;
				CLANG_WARN_INFINITE_RECURSION = YES;
				CLANG_WARN_INT_CONVERSION = YES;
				CLANG_WARN_NON_LITERAL_NULL_CONVERSION = YES;
				CLANG_WARN_OBJC_IMPLICIT_RETAIN_SELF = YES;
				CLANG_WARN_OBJC_LITERAL_CONVERSION = YES;
				CLANG_WARN_OBJC_ROOT_CLASS = YES_ERROR;
				CLANG_WARN_RANGE_LOOP_ANALYSIS = YES;
				CLANG_WARN_STRICT_PROTOTYPES = YES;
				CLANG_WARN_SUSPICIOUS_MOVE = YES;
				CLANG_WARN_UNGUARDED_AVAILABILITY = YES_AGGRESSIVE;
				CLANG_WARN_UNREACHABLE_CODE = YES;
				CLANG_WARN__DUPLICATE_METHOD_MATCH = YES;
				COPY_PHASE_STRIP = NO;
				DEBUG_INFORMATION_FORMAT = "dwarf-with-dsym";
				ENABLE_NS_ASSERTIONS = NO;
				ENABLE_STRICT_OBJC_MSGSEND = YES;
				GCC_C_LANGUAGE_STANDARD = gnu11;
				GCC_NO_COMMON_BLOCKS = YES;
				GCC_WARN_64_TO_32_BIT_CONVERSION = YES;
				GCC_WARN_ABOUT_RETURN_TYPE = YES_ERROR;
				GCC_WARN_UNDECLARED_SELECTOR = YES;
				GCC_WARN_UNINITIALIZED_AUTOS = YES_AGGRESSIVE;
				GCC_WARN_UNUSED_FUNCTION = YES;
				GCC_WARN_UNUSED_VARIABLE = YES;
				IPHONEOS_DEPLOYMENT_TARGET = 13.2;
				MTL_ENABLE_DEBUG_INFO = NO;
				MTL_FAST_MATH = YES;
				SDKROOT = iphoneos;
				SWIFT_COMPILATION_MODE = wholemodule;
				SWIFT_OPTIMIZATION_LEVEL = "-O";
				VALIDATE_PRODUCT = YES;
			};
			name = Release;
		};
		B4D5EC902445117D00A31E56 /* Debug */ = {
			isa = XCBuildConfiguration;
			buildSettings = {
				ASSETCATALOG_COMPILER_APPICON_NAME = AppIcon;
				CODE_SIGN_STYLE = Automatic;
				INFOPLIST_FILE = "LifeJourney-iOS-App/Info.plist";
				LD_RUNPATH_SEARCH_PATHS = (
					"$(inherited)",
					"@executable_path/Frameworks",
				);
				PRODUCT_BUNDLE_IDENTIFIER = "com.idevtv.LifeJourney-iOS-App";
				PRODUCT_NAME = "$(TARGET_NAME)";
				SWIFT_VERSION = 5.0;
				TARGETED_DEVICE_FAMILY = "1,2";
			};
			name = Debug;
		};
		B4D5EC912445117D00A31E56 /* Release */ = {
			isa = XCBuildConfiguration;
			buildSettings = {
				ASSETCATALOG_COMPILER_APPICON_NAME = AppIcon;
				CODE_SIGN_STYLE = Automatic;
				INFOPLIST_FILE = "LifeJourney-iOS-App/Info.plist";
				LD_RUNPATH_SEARCH_PATHS = (
					"$(inherited)",
					"@executable_path/Frameworks",
				);
				PRODUCT_BUNDLE_IDENTIFIER = "com.idevtv.LifeJourney-iOS-App";
				PRODUCT_NAME = "$(TARGET_NAME)";
				SWIFT_VERSION = 5.0;
				TARGETED_DEVICE_FAMILY = "1,2";
			};
			name = Release;
		};
/* End XCBuildConfiguration section */

/* Begin XCConfigurationList section */
		B4D5EC762445117900A31E56 /* Build configuration list for PBXProject "LifeJourney-iOS-App" */ = {
			isa = XCConfigurationList;
			buildConfigurations = (
				B4D5EC8D2445117D00A31E56 /* Debug */,
				B4D5EC8E2445117D00A31E56 /* Release */,
			);
			defaultConfigurationIsVisible = 0;
			defaultConfigurationName = Release;
		};
		B4D5EC8F2445117D00A31E56 /* Build configuration list for PBXNativeTarget "LifeJourney-iOS-App" */ = {
			isa = XCConfigurationList;
			buildConfigurations = (
				B4D5EC902445117D00A31E56 /* Debug */,
				B4D5EC912445117D00A31E56 /* Release */,
			);
			defaultConfigurationIsVisible = 0;
			defaultConfigurationName = Release;
		};
/* End XCConfigurationList section */
	};
	rootObject = B4D5EC732445117900A31E56 /* Project object */;
}
